{
  "name": "habitat-compose",
  "version": "0.1.0",
  "lockfileVersion": 1,
  "requires": true,
  "dependencies": {
    "@iarna/toml": {
      "version": "2.2.3",
      "resolved": "https://registry.npmjs.org/@iarna/toml/-/toml-2.2.3.tgz",
      "integrity": "sha512-FmuxfCuolpLl0AnQ2NHSzoUKWEJDFl63qXjzdoWBVyFCXzMGm1spBzk7LeHNoVCiWCF7mRVms9e6jEV9+MoPbg=="
    },
    "axios": {
      "version": "0.18.1",
      "resolved": "https://registry.npmjs.org/axios/-/axios-0.18.1.tgz",
      "integrity": "sha512-0BfJq4NSfQXd+SkFdrvFbG7addhYSBA2mQwISr46pD6E5iqkWg02RAs8vyTT/j0RTnoYmeXauBuSv1qKwR179g==",
      "requires": {
        "follow-redirects": "1.5.10",
        "is-buffer": "^2.0.2"
      }
    },
    "debug": {
      "version": "3.1.0",
      "resolved": "https://registry.npmjs.org/debug/-/debug-3.1.0.tgz",
      "integrity": "sha512-OX8XqP7/1a9cqkxYw2yXss15f26NKWBpDXQd0/uK/KPqdQhxbPa994hnzjcE2VqQpDslf55723cKPUOGSmMY3g==",
      "requires": {
        "ms": "2.0.0"
      }
    },
    "follow-redirects": {
      "version": "1.5.10",
      "resolved": "https://registry.npmjs.org/follow-redirects/-/follow-redirects-1.5.10.tgz",
      "integrity": "sha512-0V5l4Cizzvqt5D44aTXbFZz+FtyXV1vrDN6qrelxtfYQKW0KO0W2T/hkE8xvGa/540LkZlkaUjO4ailYTFtHVQ==",
      "requires": {
        "debug": "=3.1.0"
      }
    },
    "hab-client": {
      "version": "1.0.3",
      "resolved": "https://registry.npmjs.org/hab-client/-/hab-client-1.0.3.tgz",
      "integrity": "sha512-+CK0XNZEoVvghC6S8WygfbgmzqHpWBxcipx1B92ssfNw7DCoyXGzc/E+ISNELHXrhSaXF4Rs0fOap3dUIta5Jw==",
      "requires": {
        "axios": "^0.18.0",
        "semver": "^5.6.0",
        "underscore": "^1.9.1"
      }
    },
    "is-buffer": {
      "version": "2.0.4",
      "resolved": "https://registry.npmjs.org/is-buffer/-/is-buffer-2.0.4.tgz",
      "integrity": "sha512-Kq1rokWXOPXWuaMAqZiJW4XxsmD9zGx9q4aePabbn3qCRGedtH7Cm+zV8WETitMfu1wdh+Rvd6w5egwSngUX2A=="
    },
    "ms": {
      "version": "2.0.0",
      "resolved": "https://registry.npmjs.org/ms/-/ms-2.0.0.tgz",
      "integrity": "sha1-VgiurfwAvmwpAd9fmGF4jeDVl8g="
    },
    "semver": {
      "version": "5.7.1",
      "resolved": "https://registry.npmjs.org/semver/-/semver-5.7.1.tgz",
      "integrity": "sha512-sauaDf/PZdVgrLTNYHRtpXa1iRiKcaebiKQ1BJdpQlWH2lCvexQdX55snPFyK7QzpudqbCI0qXFfOasHdyNDGQ=="
    },
    "toposort": {
      "version": "2.0.2",
      "resolved": "https://registry.npmjs.org/toposort/-/toposort-2.0.2.tgz",
      "integrity": "sha1-riF2gXXRVZ1IvvNUILL0li8JwzA="
    },
    "underscore": {
      "version": "1.9.1",
      "resolved": "https://registry.npmjs.org/underscore/-/underscore-1.9.1.tgz",
      "integrity": "sha512-5/4etnCkd9c8gwgowi5/om/mYO5ajCaOgdzj/oW+0eQV9WxKBDZw5+ycmKmeaTXjInS/W0BzpGLo2xR2aBwZdg=="
    }
  }
}
